
Microsoft Visual Studio Solution File, Format Version 12.00
# Visual Studio Version 17
VisualStudioVersion = 17.8.34330.188
MinimumVisualStudioVersion = 10.0.40219.1
Project("{FAE04EC0-301F-11D3-BF4B-00C04F79EFBC}") = "FestivalTalk", "FestivalTalk.csproj", "{5CCCBD0B-CAB1-41D5-87C1-7698D136C167}"
EndProject
Global
	GlobalSection(SolutionConfigurationPlatforms) = preSolution
		Debug|Any CPU = Debug|Any CPU
		Release|Any CPU = Release|Any CPU
	EndGlobalSection
	GlobalSection(ProjectConfigurationPlatforms) = postSolution
		{5CCCBD0B-CAB1-41D5-87C1-7698D136C167}.Debug|Any CPU.ActiveCfg = Debug|Any CPU
		{5CCCBD0B-CAB1-41D5-87C1-7698D136C167}.Debug|Any CPU.Build.0 = Debug|Any CPU
		{5CCCBD0B-CAB1-41D5-87C1-7698D136C167}.Release|Any CPU.ActiveCfg = Release|Any CPU
		{5CCCBD0B-CAB1-41D5-87C1-7698D136C167}.Release|Any CPU.Build.0 = Release|Any CPU
	EndGlobalSection
	GlobalSection(SolutionProperties) = preSolution
		HideSolutionNode = FALSE
	EndGlobalSection
	GlobalSection(ExtensibilityGlobals) = postSolution
		SolutionGuid = {D5EC78F0-0893-40C1-B3B6-38FB91B31606}
	EndGlobalSection
EndGlobal
